
Microsoft Visual Studio Solution File, Format Version 11.00
# Visual C# Express 2010
Project("{FAE04EC0-301F-11D3-BF4B-00C04F79EFBC}") = "GUI", "GUI.csproj", "{44282919-DBDD-4155-B63E-F9F04B3FD1EF}"
EndProject
Project("{FAE04EC0-301F-11D3-BF4B-00C04F79EFBC}") = "Common", "..\Common\Common.csproj", "{8220FD29-2417-44D3-A6C4-6E97CD813F77}"
EndProject
Project("{FAE04EC0-301F-11D3-BF4B-00C04F79EFBC}") = "Listen", "..\Listen\Listen.csproj", "{EB96D371-6B45-4D80-9503-29A7E82B8524}"
EndProject
Project("{FAE04EC0-301F-11D3-BF4B-00C04F79EFBC}") = "HeldTestMat", "..\HeldTestMat.csproj", "{E029B65B-6B5D-4DC7-800C-21BEEEF85728}"
EndProject
Global
	GlobalSection(SolutionConfigurationPlatforms) = preSolution
		Debug|Any CPU = Debug|Any CPU
		Debug|Mixed Platforms = Debug|Mixed Platforms
		Debug|x86 = Debug|x86
		Release|Any CPU = Release|Any CPU
		Release|Mixed Platforms = Release|Mixed Platforms
		Release|x86 = Release|x86
	EndGlobalSection
	GlobalSection(ProjectConfigurationPlatforms) = postSolution
		{44282919-DBDD-4155-B63E-F9F04B3FD1EF}.Debug|Any CPU.ActiveCfg = Debug|x86
		{44282919-DBDD-4155-B63E-F9F04B3FD1EF}.Debug|Mixed Platforms.ActiveCfg = Debug|x86
		{44282919-DBDD-4155-B63E-F9F04B3FD1EF}.Debug|Mixed Platforms.Build.0 = Debug|x86
		{44282919-DBDD-4155-B63E-F9F04B3FD1EF}.Debug|x86.ActiveCfg = Debug|x86
		{44282919-DBDD-4155-B63E-F9F04B3FD1EF}.Debug|x86.Build.0 = Debug|x86
		{44282919-DBDD-4155-B63E-F9F04B3FD1EF}.Release|Any CPU.ActiveCfg = Release|x86
		{44282919-DBDD-4155-B63E-F9F04B3FD1EF}.Release|Mixed Platforms.ActiveCfg = Release|x86
		{44282919-DBDD-4155-B63E-F9F04B3FD1EF}.Release|Mixed Platforms.Build.0 = Release|x86
		{44282919-DBDD-4155-B63E-F9F04B3FD1EF}.Release|x86.ActiveCfg = Release|x86
		{44282919-DBDD-4155-B63E-F9F04B3FD1EF}.Release|x86.Build.0 = Release|x86
		{8220FD29-2417-44D3-A6C4-6E97CD813F77}.Debug|Any CPU.ActiveCfg = Debug|Any CPU
		{8220FD29-2417-44D3-A6C4-6E97CD813F77}.Debug|Any CPU.Build.0 = Debug|Any CPU
		{8220FD29-2417-44D3-A6C4-6E97CD813F77}.Debug|Mixed Platforms.ActiveCfg = Debug|Any CPU
		{8220FD29-2417-44D3-A6C4-6E97CD813F77}.Debug|Mixed Platforms.Build.0 = Debug|Any CPU
		{8220FD29-2417-44D3-A6C4-6E97CD813F77}.Debug|x86.ActiveCfg = Debug|Any CPU
		{8220FD29-2417-44D3-A6C4-6E97CD813F77}.Release|Any CPU.ActiveCfg = Release|Any CPU
		{8220FD29-2417-44D3-A6C4-6E97CD813F77}.Release|Any CPU.Build.0 = Release|Any CPU
		{8220FD29-2417-44D3-A6C4-6E97CD813F77}.Release|Mixed Platforms.ActiveCfg = Release|Any CPU
		{8220FD29-2417-44D3-A6C4-6E97CD813F77}.Release|Mixed Platforms.Build.0 = Release|Any CPU
		{8220FD29-2417-44D3-A6C4-6E97CD813F77}.Release|x86.ActiveCfg = Release|Any CPU
		{EB96D371-6B45-4D80-9503-29A7E82B8524}.Debug|Any CPU.ActiveCfg = Debug|Any CPU
		{EB96D371-6B45-4D80-9503-29A7E82B8524}.Debug|Any CPU.Build.0 = Debug|Any CPU
		{EB96D371-6B45-4D80-9503-29A7E82B8524}.Debug|Mixed Platforms.ActiveCfg = Debug|Any CPU
		{EB96D371-6B45-4D80-9503-29A7E82B8524}.Debug|Mixed Platforms.Build.0 = Debug|Any CPU
		{EB96D371-6B45-4D80-9503-29A7E82B8524}.Debug|x86.ActiveCfg = Debug|Any CPU
		{EB96D371-6B45-4D80-9503-29A7E82B8524}.Release|Any CPU.ActiveCfg = Release|Any CPU
		{EB96D371-6B45-4D80-9503-29A7E82B8524}.Release|Any CPU.Build.0 = Release|Any CPU
		{EB96D371-6B45-4D80-9503-29A7E82B8524}.Release|Mixed Platforms.ActiveCfg = Release|Any CPU
		{EB96D371-6B45-4D80-9503-29A7E82B8524}.Release|Mixed Platforms.Build.0 = Release|Any CPU
		{EB96D371-6B45-4D80-9503-29A7E82B8524}.Release|x86.ActiveCfg = Release|Any CPU
		{E029B65B-6B5D-4DC7-800C-21BEEEF85728}.Debug|Any CPU.ActiveCfg = Debug|Any CPU
		{E029B65B-6B5D-4DC7-800C-21BEEEF85728}.Debug|Any CPU.Build.0 = Debug|Any CPU
		{E029B65B-6B5D-4DC7-800C-21BEEEF85728}.Debug|Mixed Platforms.ActiveCfg = Debug|Any CPU
		{E029B65B-6B5D-4DC7-800C-21BEEEF85728}.Debug|Mixed Platforms.Build.0 = Debug|Any CPU
		{E029B65B-6B5D-4DC7-800C-21BEEEF85728}.Debug|x86.ActiveCfg = Debug|Any CPU
		{E029B65B-6B5D-4DC7-800C-21BEEEF85728}.Release|Any CPU.ActiveCfg = Release|Any CPU
		{E029B65B-6B5D-4DC7-800C-21BEEEF85728}.Release|Any CPU.Build.0 = Release|Any CPU
		{E029B65B-6B5D-4DC7-800C-21BEEEF85728}.Release|Mixed Platforms.ActiveCfg = Release|Any CPU
		{E029B65B-6B5D-4DC7-800C-21BEEEF85728}.Release|Mixed Platforms.Build.0 = Release|Any CPU
		{E029B65B-6B5D-4DC7-800C-21BEEEF85728}.Release|x86.ActiveCfg = Release|Any CPU
	EndGlobalSection
	GlobalSection(SolutionProperties) = preSolution
		HideSolutionNode = FALSE
	EndGlobalSection
EndGlobal
